
Microsoft Visual Studio Solution File, Format Version 12.00
# Visual Studio Version 16
VisualStudioVersion = 16.0.32126.315
MinimumVisualStudioVersion = 10.0.40219.1
Project("{FAE04EC0-301F-11D3-BF4B-00C04F79EFBC}") = "FirstCoreApp", "FirstCoreApp.csproj", "{4201FC28-E055-4B55-A99B-1075526CC289}"
EndProject
Global
	GlobalSection(SolutionConfigurationPlatforms) = preSolution
		Debug|Any CPU = Debug|Any CPU
		Release|Any CPU = Release|Any CPU
	EndGlobalSection
	GlobalSection(ProjectConfigurationPlatforms) = postSolution
		{4201FC28-E055-4B55-A99B-1075526CC289}.Debug|Any CPU.ActiveCfg = Debug|Any CPU
		{4201FC28-E055-4B55-A99B-1075526CC289}.Debug|Any CPU.Build.0 = Debug|Any CPU
		{4201FC28-E055-4B55-A99B-1075526CC289}.Release|Any CPU.ActiveCfg = Release|Any CPU
		{4201FC28-E055-4B55-A99B-1075526CC289}.Release|Any CPU.Build.0 = Release|Any CPU
	EndGlobalSection
	GlobalSection(SolutionProperties) = preSolution
		HideSolutionNode = FALSE
	EndGlobalSection
	GlobalSection(ExtensibilityGlobals) = postSolution
		SolutionGuid = {C29FC3A5-AC02-4E19-9C0A-4C247C9F0D8D}
	EndGlobalSection
EndGlobal
