
Microsoft Visual Studio Solution File, Format Version 12.00
# Visual Studio Version 16
VisualStudioVersion = 16.0.32126.315
MinimumVisualStudioVersion = 10.0.40219.1
Project("{FAE04EC0-301F-11D3-BF4B-00C04F79EFBC}") = "WebApiUsingApiKey", "WebApiUsingApiKey.csproj", "{2568FE48-6481-42A8-916F-86C0604AA36A}"
EndProject
Global
	GlobalSection(SolutionConfigurationPlatforms) = preSolution
		Debug|Any CPU = Debug|Any CPU
		Release|Any CPU = Release|Any CPU
	EndGlobalSection
	GlobalSection(ProjectConfigurationPlatforms) = postSolution
		{2568FE48-6481-42A8-916F-86C0604AA36A}.Debug|Any CPU.ActiveCfg = Debug|Any CPU
		{2568FE48-6481-42A8-916F-86C0604AA36A}.Debug|Any CPU.Build.0 = Debug|Any CPU
		{2568FE48-6481-42A8-916F-86C0604AA36A}.Release|Any CPU.ActiveCfg = Release|Any CPU
		{2568FE48-6481-42A8-916F-86C0604AA36A}.Release|Any CPU.Build.0 = Release|Any CPU
	EndGlobalSection
	GlobalSection(SolutionProperties) = preSolution
		HideSolutionNode = FALSE
	EndGlobalSection
	GlobalSection(ExtensibilityGlobals) = postSolution
		SolutionGuid = {F419B212-BAB1-4D62-B588-08DB91E42C2B}
	EndGlobalSection
EndGlobal
