
Microsoft Visual Studio Solution File, Format Version 12.00
# Visual Studio Version 16
VisualStudioVersion = 16.0.30517.126
MinimumVisualStudioVersion = 10.0.40219.1
Project("{FAE04EC0-301F-11D3-BF4B-00C04F79EFBC}") = "ConvertToJava", "ConvertToJava\ConvertToJava.csproj", "{7C21D623-86E2-4923-8B11-0418C51A391A}"
EndProject
Global
	GlobalSection(SolutionConfigurationPlatforms) = preSolution
		Debug|Any CPU = Debug|Any CPU
		Release|Any CPU = Release|Any CPU
	EndGlobalSection
	GlobalSection(ProjectConfigurationPlatforms) = postSolution
		{7C21D623-86E2-4923-8B11-0418C51A391A}.Debug|Any CPU.ActiveCfg = Debug|Any CPU
		{7C21D623-86E2-4923-8B11-0418C51A391A}.Debug|Any CPU.Build.0 = Debug|Any CPU
		{7C21D623-86E2-4923-8B11-0418C51A391A}.Release|Any CPU.ActiveCfg = Release|Any CPU
		{7C21D623-86E2-4923-8B11-0418C51A391A}.Release|Any CPU.Build.0 = Release|Any CPU
	EndGlobalSection
	GlobalSection(SolutionProperties) = preSolution
		HideSolutionNode = FALSE
	EndGlobalSection
	GlobalSection(ExtensibilityGlobals) = postSolution
		SolutionGuid = {E4A75345-768C-49E3-925F-48C4041FF1DC}
	EndGlobalSection
EndGlobal
